
Microsoft Visual Studio Solution File, Format Version 12.00
# Visual Studio Version 17
VisualStudioVersion = 17.5.33516.290
MinimumVisualStudioVersion = 10.0.40219.1
Project("{FAE04EC0-301F-11D3-BF4B-00C04F79EFBC}") = "Identity", "Identity\Identity.csproj", "{54C3E387-A430-4D4D-A385-63B368F28CA5}"
EndProject
Global
	GlobalSection(SolutionConfigurationPlatforms) = preSolution
		Debug|Any CPU = Debug|Any CPU
		Release|Any CPU = Release|Any CPU
	EndGlobalSection
	GlobalSection(ProjectConfigurationPlatforms) = postSolution
		{54C3E387-A430-4D4D-A385-63B368F28CA5}.Debug|Any CPU.ActiveCfg = Debug|Any CPU
		{54C3E387-A430-4D4D-A385-63B368F28CA5}.Debug|Any CPU.Build.0 = Debug|Any CPU
		{54C3E387-A430-4D4D-A385-63B368F28CA5}.Release|Any CPU.ActiveCfg = Release|Any CPU
		{54C3E387-A430-4D4D-A385-63B368F28CA5}.Release|Any CPU.Build.0 = Release|Any CPU
	EndGlobalSection
	GlobalSection(SolutionProperties) = preSolution
		HideSolutionNode = FALSE
	EndGlobalSection
	GlobalSection(ExtensibilityGlobals) = postSolution
		SolutionGuid = {47B745E3-421B-4440-9B75-E18072AB68E9}
	EndGlobalSection
EndGlobal
